lockfileVersion: '9.0'

settings:
  autoInstallPeers: true
  excludeLinksFromLockfile: false

importers:

  .:
    dependencies:
      react:
        specifier: ^19.2.3
        version: 19.2.3
      react-dom:
        specifier: ^19.2.3
        version: 19.2.3(react@19.2.3)
    devDependencies:
      '@types/react':
        specifier: ^19.2.9
        version: 19.2.9
      '@types/react-dom':
        specifier: ^19.2.3
        version: 19.2.3(@types/react@19.2.9)

packages:

  '@types/react-dom@19.2.3':
    resolution: {integrity: sha512-jp2L/eY6fn+KgVVQAOqYItbF0VY/YApe5Mz2F0aykSO8gx31bYCZyvSeYxCHKvzHG5eZjc+zyaS5BrBWya2+kQ==}
    peerDependencies:
      '@types/react': ^19.2.0

  '@types/react@19.2.9':
    resolution: {integrity: sha512-Lpo8kgb/igvMIPeNV2rsYKTgaORYdO1XGVZ4Qz3akwOj0ySGYMPlQWa8BaLn0G63D1aSaAQ5ldR06wCpChQCjA==}

  csstype@3.2.3:
    resolution: {integrity: sha512-z1HGKcYy2xA8AGQfwrn0PAy+PB7X/GSj3UVJW9qKyn43xWa+gl5nXmU4qqLMRzWVLFC8KusUX8T/0kCiOYpAIQ==}

  react-dom@19.2.3:
    resolution: {integrity: sha512-yELu4WmLPw5Mr/lmeEpox5rw3RETacE++JgHqQzd2dg+YbJuat3jH4ingc+WPZhxaoFzdv9y33G+F7Nl5O0GBg==}
    peerDependencies:
      react: ^19.2.3

  react@19.2.3:
    resolution: {integrity: sha512-Ku/hhYbVjOQnXDZFv2+RibmLFGwFdeeKHFcOTlrt7xplBnya5OGn/hIRDsqDiSUcfORsDC7MPxwork8jBwsIWA==}
    engines: {node: '>=0.10.0'}

  scheduler@0.27.0:
    resolution: {integrity: sha512-eNv+WrVbKu1f3vbYJT/xtiF5syA5HPIMtf9IgY/nKg0sWqzAUEvqY/xm7OcZc/qafLx/iO9FgOmeSAp4v5ti/Q==}

snapshots:

  '@types/react-dom@19.2.3(@types/react@19.2.9)':
    dependencies:
      '@types/react': 19.2.9

  '@types/react@19.2.9':
    dependencies:
      csstype: 3.2.3

  csstype@3.2.3: {}

  react-dom@19.2.3(react@19.2.3):
    dependencies:
      react: 19.2.3
      scheduler: 0.27.0

  react@19.2.3: {}

  scheduler@0.27.0: {}
